# This file is autogenerated, do not edit; changes may be undone by the next 'dep ensure'.


[[projects]]
  name = "github.com/StackExchange/wmi"
  packages = ["."]
  revision = "cbe66965904dbe8a6cd589e2298e5d8b986bd7dd"
  version = "1.1.0"

[[projects]]
  name = "github.com/go-ole/go-ole"
  packages = [".","oleutil"]
  revision = "97b6244175ae18ea6eef668034fd6565847501c9"
  version = "v1.2.4"

[[projects]]
  name = "github.com/shirou/gopsutil"
  packages = ["cpu","host","internal/common","mem","net","process"]
  revision = "663af789c0858f2ede24f71a8dfba3643100dec9"
  version = "v2.20.5"

[[projects]]
  branch = "master"
  name = "golang.org/x/sys"
  packages = ["internal/unsafeheader","unix","windows"]
  revision = "f1bc736245b146b19d485cdbc534f9a765257080"

[solve-meta]
  analyzer-name = "dep"
  analyzer-version = 1
  inputs-digest = "f55f24a038884d08efe2d08744fb0c2eed9c9e8e0203496851bf09ea5a6f9df3"
  solver-name = "gps-cdcl"
  solver-version = 1
